
Microsoft Visual Studio Solution File, Format Version 12.00
# Visual Studio Express 2012 for Windows Desktop
Project("{8BC9CEB8-8B4A-11D0-8D11-00A0C91BC942}") = "FBXImporter", "FBXImporter.vcxproj", "{1DED031F-BAD2-496F-BDDC-674D199A6A88}"
EndProject
Global
	GlobalSection(SolutionConfigurationPlatforms) = preSolution
		Debug|win32 = Debug|win32
		Dev|win32 = Dev|win32
		Release|win32 = Release|win32
	EndGlobalSection
	GlobalSection(ProjectConfigurationPlatforms) = postSolution
		{1DED031F-BAD2-496F-BDDC-674D199A6A88}.Debug|win32.ActiveCfg = Debug|Win32
		{1DED031F-BAD2-496F-BDDC-674D199A6A88}.Debug|win32.Build.0 = Debug|Win32
		{1DED031F-BAD2-496F-BDDC-674D199A6A88}.Dev|win32.ActiveCfg = Dev|win32
		{1DED031F-BAD2-496F-BDDC-674D199A6A88}.Dev|win32.Build.0 = Dev|win32
		{1DED031F-BAD2-496F-BDDC-674D199A6A88}.Release|win32.ActiveCfg = Release|win32
		{1DED031F-BAD2-496F-BDDC-674D199A6A88}.Release|win32.Build.0 = Release|win32
	EndGlobalSection
	GlobalSection(SolutionProperties) = preSolution
		HideSolutionNode = FALSE
	EndGlobalSection
EndGlobal
